
Microsoft Visual Studio Solution File, Format Version 12.00
# Visual Studio Version 17
VisualStudioVersion = 17.11.35222.181
MinimumVisualStudioVersion = 10.0.40219.1
Project("{FAE04EC0-301F-11D3-BF4B-00C04F79EFBC}") = "Daniels_HighSchool_V3", "Daniels_HighSchool_V3\Daniels_HighSchool_V3.csproj", "{2FD24EA4-C4C7-41DE-B749-01CB41C59150}"
EndProject
Global
	GlobalSection(SolutionConfigurationPlatforms) = preSolution
		Debug|Any CPU = Debug|Any CPU
		Release|Any CPU = Release|Any CPU
	EndGlobalSection
	GlobalSection(ProjectConfigurationPlatforms) = postSolution
		{2FD24EA4-C4C7-41DE-B749-01CB41C59150}.Debug|Any CPU.ActiveCfg = Debug|Any CPU
		{2FD24EA4-C4C7-41DE-B749-01CB41C59150}.Debug|Any CPU.Build.0 = Debug|Any CPU
		{2FD24EA4-C4C7-41DE-B749-01CB41C59150}.Release|Any CPU.ActiveCfg = Release|Any CPU
		{2FD24EA4-C4C7-41DE-B749-01CB41C59150}.Release|Any CPU.Build.0 = Release|Any CPU
	EndGlobalSection
	GlobalSection(SolutionProperties) = preSolution
		HideSolutionNode = FALSE
	EndGlobalSection
	GlobalSection(ExtensibilityGlobals) = postSolution
		SolutionGuid = {6074BE15-290C-4B97-A02B-D7ED0B0D18D1}
	EndGlobalSection
EndGlobal
